
Microsoft Visual Studio Solution File, Format Version 12.00
# Visual Studio Version 17
VisualStudioVersion = 17.0.31903.59
MinimumVisualStudioVersion = 10.0.40219.1
Project("{FAE04EC0-301F-11D3-BF4B-00C04F79EFBC}") = "BO3 GSC Compiler PC", "BO3 GSC Compiler PC\BO3 GSC Compiler PC.csproj", "{1FE887DF-5354-4DFD-86A3-542C9336AF8C}"
EndProject
Project("{FAE04EC0-301F-11D3-BF4B-00C04F79EFBC}") = "BO3 GSC Compiler XBOX", "BO3 GSC Compiler XBOX\BO3 GSC Compiler XBOX.csproj", "{72E1A31E-85B3-489A-AF7C-D45B30184DD7}"
EndProject
Project("{FAE04EC0-301F-11D3-BF4B-00C04F79EFBC}") = "Simple PC GSC Injector", "Simple PC GSC Injector\Simple PC GSC Injector.csproj", "{8E6400C9-E8D9-4C2E-A050-F9567A99FFB1}"
EndProject
Global
	GlobalSection(SolutionConfigurationPlatforms) = preSolution
		Debug|Any CPU = Debug|Any CPU
		Debug|x64 = Debug|x64
		Release|Any CPU = Release|Any CPU
		Release|x64 = Release|x64
	EndGlobalSection
	GlobalSection(ProjectConfigurationPlatforms) = postSolution
		{1FE887DF-5354-4DFD-86A3-542C9336AF8C}.Debug|Any CPU.ActiveCfg = Debug|Any CPU
		{1FE887DF-5354-4DFD-86A3-542C9336AF8C}.Debug|Any CPU.Build.0 = Debug|Any CPU
		{1FE887DF-5354-4DFD-86A3-542C9336AF8C}.Debug|x64.ActiveCfg = Debug|x64
		{1FE887DF-5354-4DFD-86A3-542C9336AF8C}.Debug|x64.Build.0 = Debug|x64
		{1FE887DF-5354-4DFD-86A3-542C9336AF8C}.Release|Any CPU.ActiveCfg = Release|Any CPU
		{1FE887DF-5354-4DFD-86A3-542C9336AF8C}.Release|Any CPU.Build.0 = Release|Any CPU
		{1FE887DF-5354-4DFD-86A3-542C9336AF8C}.Release|x64.ActiveCfg = Release|x64
		{1FE887DF-5354-4DFD-86A3-542C9336AF8C}.Release|x64.Build.0 = Release|x64
		{72E1A31E-85B3-489A-AF7C-D45B30184DD7}.Debug|Any CPU.ActiveCfg = Debug|Any CPU
		{72E1A31E-85B3-489A-AF7C-D45B30184DD7}.Debug|Any CPU.Build.0 = Debug|Any CPU
		{72E1A31E-85B3-489A-AF7C-D45B30184DD7}.Debug|x64.ActiveCfg = Debug|x64
		{72E1A31E-85B3-489A-AF7C-D45B30184DD7}.Debug|x64.Build.0 = Debug|x64
		{72E1A31E-85B3-489A-AF7C-D45B30184DD7}.Release|Any CPU.ActiveCfg = Release|Any CPU
		{72E1A31E-85B3-489A-AF7C-D45B30184DD7}.Release|Any CPU.Build.0 = Release|Any CPU
		{72E1A31E-85B3-489A-AF7C-D45B30184DD7}.Release|x64.ActiveCfg = Release|x64
		{72E1A31E-85B3-489A-AF7C-D45B30184DD7}.Release|x64.Build.0 = Release|x64
		{8E6400C9-E8D9-4C2E-A050-F9567A99FFB1}.Debug|Any CPU.ActiveCfg = Debug|Any CPU
		{8E6400C9-E8D9-4C2E-A050-F9567A99FFB1}.Debug|Any CPU.Build.0 = Debug|Any CPU
		{8E6400C9-E8D9-4C2E-A050-F9567A99FFB1}.Debug|x64.ActiveCfg = Debug|Any CPU
		{8E6400C9-E8D9-4C2E-A050-F9567A99FFB1}.Debug|x64.Build.0 = Debug|Any CPU
		{8E6400C9-E8D9-4C2E-A050-F9567A99FFB1}.Release|Any CPU.ActiveCfg = Release|Any CPU
		{8E6400C9-E8D9-4C2E-A050-F9567A99FFB1}.Release|Any CPU.Build.0 = Release|Any CPU
		{8E6400C9-E8D9-4C2E-A050-F9567A99FFB1}.Release|x64.ActiveCfg = Release|Any CPU
		{8E6400C9-E8D9-4C2E-A050-F9567A99FFB1}.Release|x64.Build.0 = Release|Any CPU
	EndGlobalSection
	GlobalSection(SolutionProperties) = preSolution
		HideSolutionNode = FALSE
	EndGlobalSection
	GlobalSection(ExtensibilityGlobals) = postSolution
		SolutionGuid = {759C8263-CAAD-4D2F-8732-A073F5B8279D}
	EndGlobalSection
EndGlobal
